Microsoft Visual Studio Solution File, Format Version 12.00
# Visual Studio Version 17
VisualStudioVersion = 17.5.2.0
MinimumVisualStudioVersion = 10.0.40219.1
Project("{FAE04EC0-301F-11D3-BF4B-00C04F79EFBC}") = "A2Task1SortingApp", "A2Task1SortingApp.csproj", "{DB4D3B3E-37C8-12A0-2DF3-2D94C49D3EA9}"
EndProject
Global
	GlobalSection(SolutionConfigurationPlatforms) = preSolution
		Debug|Any CPU = Debug|Any CPU
		Release|Any CPU = Release|Any CPU
	EndGlobalSection
	GlobalSection(ProjectConfigurationPlatforms) = postSolution
		{DB4D3B3E-37C8-12A0-2DF3-2D94C49D3EA9}.Debug|Any CPU.ActiveCfg = Debug|Any CPU
		{DB4D3B3E-37C8-12A0-2DF3-2D94C49D3EA9}.Debug|Any CPU.Build.0 = Debug|Any CPU
		{DB4D3B3E-37C8-12A0-2DF3-2D94C49D3EA9}.Release|Any CPU.ActiveCfg = Release|Any CPU
		{DB4D3B3E-37C8-12A0-2DF3-2D94C49D3EA9}.Release|Any CPU.Build.0 = Release|Any CPU
	EndGlobalSection
	GlobalSection(SolutionProperties) = preSolution
		HideSolutionNode = FALSE
	EndGlobalSection
	GlobalSection(ExtensibilityGlobals) = postSolution
		SolutionGuid = {69D6B459-0F03-4E47-B88A-161825DEA6E5}
	EndGlobalSection
EndGlobal
